
Microsoft Visual Studio Solution File, Format Version 12.00
# Visual Studio 14
VisualStudioVersion = 14.0.23107.0
MinimumVisualStudioVersion = 10.0.40219.1
Project("{8BC9CEB8-8B4A-11D0-8D11-00A0C91BC942}") = "db16", "db16\db16.vcxproj", "{25077304-EF8F-47C6-90B9-D69C6A14BB50}"
EndProject
Project("{8BC9CEB8-8B4A-11D0-8D11-00A0C91BC942}") = "db16fs", "db16fs\db16fs.vcxproj", "{92E120F4-649C-4D31-9E03-472D6B004B53}"
EndProject
Project("{8BC9CEB8-8B4A-11D0-8D11-00A0C91BC942}") = "db16s", "db16s\db16s.vcxproj", "{C84BD8E1-E83F-4C32-920B-DF1AF68CA2BF}"
EndProject
Global
	GlobalSection(SolutionConfigurationPlatforms) = preSolution
		Debug|Any CPU = Debug|Any CPU
		Debug|x64 = Debug|x64
		Debug|x86 = Debug|x86
		Release|Any CPU = Release|Any CPU
		Release|x64 = Release|x64
		Release|x86 = Release|x86
	EndGlobalSection
	GlobalSection(ProjectConfigurationPlatforms) = postSolution
		{25077304-EF8F-47C6-90B9-D69C6A14BB50}.Debug|Any CPU.ActiveCfg = Debug|Win32
		{25077304-EF8F-47C6-90B9-D69C6A14BB50}.Debug|x64.ActiveCfg = Debug|x64
		{25077304-EF8F-47C6-90B9-D69C6A14BB50}.Debug|x64.Build.0 = Debug|x64
		{25077304-EF8F-47C6-90B9-D69C6A14BB50}.Debug|x86.ActiveCfg = Debug|Win32
		{25077304-EF8F-47C6-90B9-D69C6A14BB50}.Debug|x86.Build.0 = Debug|Win32
		{25077304-EF8F-47C6-90B9-D69C6A14BB50}.Release|Any CPU.ActiveCfg = Release|Win32
		{25077304-EF8F-47C6-90B9-D69C6A14BB50}.Release|x64.ActiveCfg = Release|x64
		{25077304-EF8F-47C6-90B9-D69C6A14BB50}.Release|x64.Build.0 = Release|x64
		{25077304-EF8F-47C6-90B9-D69C6A14BB50}.Release|x86.ActiveCfg = Release|Win32
		{25077304-EF8F-47C6-90B9-D69C6A14BB50}.Release|x86.Build.0 = Release|Win32
		{92E120F4-649C-4D31-9E03-472D6B004B53}.Debug|Any CPU.ActiveCfg = Debug|Win32
		{92E120F4-649C-4D31-9E03-472D6B004B53}.Debug|x64.ActiveCfg = Debug|x64
		{92E120F4-649C-4D31-9E03-472D6B004B53}.Debug|x64.Build.0 = Debug|x64
		{92E120F4-649C-4D31-9E03-472D6B004B53}.Debug|x86.ActiveCfg = Debug|Win32
		{92E120F4-649C-4D31-9E03-472D6B004B53}.Debug|x86.Build.0 = Debug|Win32
		{92E120F4-649C-4D31-9E03-472D6B004B53}.Release|Any CPU.ActiveCfg = Release|Win32
		{92E120F4-649C-4D31-9E03-472D6B004B53}.Release|x64.ActiveCfg = Release|x64
		{92E120F4-649C-4D31-9E03-472D6B004B53}.Release|x64.Build.0 = Release|x64
		{92E120F4-649C-4D31-9E03-472D6B004B53}.Release|x86.ActiveCfg = Release|Win32
		{92E120F4-649C-4D31-9E03-472D6B004B53}.Release|x86.Build.0 = Release|Win32
		{C84BD8E1-E83F-4C32-920B-DF1AF68CA2BF}.Debug|Any CPU.ActiveCfg = Debug|Win32
		{C84BD8E1-E83F-4C32-920B-DF1AF68CA2BF}.Debug|x64.ActiveCfg = Debug|x64
		{C84BD8E1-E83F-4C32-920B-DF1AF68CA2BF}.Debug|x64.Build.0 = Debug|x64
		{C84BD8E1-E83F-4C32-920B-DF1AF68CA2BF}.Debug|x86.ActiveCfg = Debug|Win32
		{C84BD8E1-E83F-4C32-920B-DF1AF68CA2BF}.Debug|x86.Build.0 = Debug|Win32
		{C84BD8E1-E83F-4C32-920B-DF1AF68CA2BF}.Release|Any CPU.ActiveCfg = Release|Win32
		{C84BD8E1-E83F-4C32-920B-DF1AF68CA2BF}.Release|x64.ActiveCfg = Release|x64
		{C84BD8E1-E83F-4C32-920B-DF1AF68CA2BF}.Release|x64.Build.0 = Release|x64
		{C84BD8E1-E83F-4C32-920B-DF1AF68CA2BF}.Release|x86.ActiveCfg = Release|Win32
		{C84BD8E1-E83F-4C32-920B-DF1AF68CA2BF}.Release|x86.Build.0 = Release|Win32
	EndGlobalSection
	GlobalSection(SolutionProperties) = preSolution
		HideSolutionNode = FALSE
	EndGlobalSection
EndGlobal
